
Microsoft Visual Studio Solution File, Format Version 12.00
# Visual Studio Version 16
VisualStudioVersion = 16.0.31613.86
MinimumVisualStudioVersion = 10.0.40219.1
Project("{FAE04EC0-301F-11D3-BF4B-00C04F79EFBC}") = "CSP", "CSP\CSP.csproj", "{072AAC15-9A0F-4453-A520-5DA755484889}"
EndProject
Global
	GlobalSection(SolutionConfigurationPlatforms) = preSolution
		Debug|Any CPU = Debug|Any CPU
		Release|Any CPU = Release|Any CPU
	EndGlobalSection
	GlobalSection(ProjectConfigurationPlatforms) = postSolution
		{072AAC15-9A0F-4453-A520-5DA755484889}.Debug|Any CPU.ActiveCfg = Debug|Any CPU
		{072AAC15-9A0F-4453-A520-5DA755484889}.Debug|Any CPU.Build.0 = Debug|Any CPU
		{072AAC15-9A0F-4453-A520-5DA755484889}.Release|Any CPU.ActiveCfg = Release|Any CPU
		{072AAC15-9A0F-4453-A520-5DA755484889}.Release|Any CPU.Build.0 = Release|Any CPU
	EndGlobalSection
	GlobalSection(SolutionProperties) = preSolution
		HideSolutionNode = FALSE
	EndGlobalSection
	GlobalSection(ExtensibilityGlobals) = postSolution
		SolutionGuid = {D29C4DB7-BD98-4D91-8C93-C5AB70C64D11}
	EndGlobalSection
EndGlobal
